
Microsoft Visual Studio Solution File, Format Version 12.00
# Visual Studio 2012
Project("{FAE04EC0-301F-11D3-BF4B-00C04F79EFBC}") = "MixERP.Net.BusinessLayer", "MixERP.net.BusinessLayer\MixERP.Net.BusinessLayer.csproj", "{81DE04CF-7DE9-42FF-8339-D05E2586DCBA}"
EndProject
Project("{FAE04EC0-301F-11D3-BF4B-00C04F79EFBC}") = "MixERP.Net.Common", "MixERP.net.Common\MixERP.Net.Common.csproj", "{D5A09C22-8F48-4FB2-A14D-C62C8C8FCEC0}"
EndProject
Project("{FAE04EC0-301F-11D3-BF4B-00C04F79EFBC}") = "MixERP.Net.DatabaseLayer", "MixERP.net.DatabaseLayer\MixERP.Net.DatabaseLayer.csproj", "{F1F6FB95-5D7E-4E4C-9CC4-AC58DBD8F09F}"
EndProject
Project("{FAE04EC0-301F-11D3-BF4B-00C04F79EFBC}") = "MixERP.Net.FrontEnd", "MixERP.net.FrontEnd\MixERP.Net.FrontEnd.csproj", "{ACE1017D-71BC-4417-A906-72C4B9C55823}"
EndProject
Project("{2150E333-8FDC-42A3-9474-1A3956D46DE8}") = "Tests", "Tests", "{B331910C-E400-4F2D-AAD1-14D73811E81C}"
EndProject
Project("{2150E333-8FDC-42A3-9474-1A3956D46DE8}") = "Unit Tests", "Unit Tests", "{B6583396-81BE-4A68-91C9-6966E58563F5}"
EndProject
Project("{2150E333-8FDC-42A3-9474-1A3956D46DE8}") = "Web Performance Tests", "Web Performance Tests", "{62698506-0C89-463C-82E7-33521D1B055C}"
EndProject
Project("{2150E333-8FDC-42A3-9474-1A3956D46DE8}") = "Solution Items", "Solution Items", "{F12F3FD9-1C35-4C76-9733-8618DA796761}"
	ProjectSection(SolutionItems) = preProject
		LICENSE = LICENSE
		Local.testsettings = Local.testsettings
		README.md = README.md
		Readme.txt = Readme.txt
	EndProjectSection
EndProject
Project("{2150E333-8FDC-42A3-9474-1A3956D46DE8}") = "MixERP.Net", "MixERP.Net", "{C832E6A8-B906-4DFC-8458-72C965C0C957}"
EndProject
Project("{2150E333-8FDC-42A3-9474-1A3956D46DE8}") = "Server Controls", "Server Controls", "{E9497128-CDED-4B71-AC69-374489D81E7D}"
EndProject
Project("{FAE04EC0-301F-11D3-BF4B-00C04F79EFBC}") = "MixERP.Net.WebControls.ScrudFactory", "Controls\WebControls\MixERP.Net.WebControls.ScrudFactory\MixERP.Net.WebControls.ScrudFactory.csproj", "{07DDCE95-A18F-4A35-B892-CE09EAD2AA65}"
EndProject
Project("{FAE04EC0-301F-11D3-BF4B-00C04F79EFBC}") = "MixERP.Net.WebControls.StockTransactionFactory", "Controls\WebControls\MixERP.Net.WebControls.StockTransactionFactory\MixERP.Net.WebControls.StockTransactionFactory.csproj", "{1C84E528-87ED-4B69-BFC3-81D675CB153E}"
EndProject
Project("{FAE04EC0-301F-11D3-BF4B-00C04F79EFBC}") = "MixERP.Net.WebControls.ReportEngine", "Controls\WebControls\MixERP.Net.WebControls.ReportEngine\MixERP.Net.WebControls.ReportEngine.csproj", "{81F04B78-6194-4F86-A795-5F186C602EEE}"
EndProject
Project("{FAE04EC0-301F-11D3-BF4B-00C04F79EFBC}") = "MixERP.Net.WebControls.TransactionChecklist", "Controls\WebControls\MixERP.Net.WebControls.TransactionChecklist\MixERP.Net.WebControls.TransactionChecklist.csproj", "{64490B89-B228-4188-8235-71744A94C9AE}"
EndProject
Project("{FAE04EC0-301F-11D3-BF4B-00C04F79EFBC}") = "MixERP.Net.WebControls.StockTransactionView", "Controls\WebControls\MixERP.Net.WebControls.StockTransactionView\MixERP.Net.WebControls.StockTransactionView.csproj", "{E82752DA-F0D2-4987-B011-6B2623937DEA}"
EndProject
Project("{2150E333-8FDC-42A3-9474-1A3956D46DE8}") = "Data", "Data", "{F882C837-D33A-43DE-8CEA-87D0CE635E9D}"
EndProject
Project("{2150E333-8FDC-42A3-9474-1A3956D46DE8}") = "Projects", "Projects", "{8BE8E894-6613-4FB0-A196-E737C777E51A}"
EndProject
Project("{FAE04EC0-301F-11D3-BF4B-00C04F79EFBC}") = "MixERP.Net.WebControls.Common", "Controls\WebControls\MixERP.Net.WebControls.Common\MixERP.Net.WebControls.Common.csproj", "{2D961540-6597-4E7B-969C-974D71D820DD}"
EndProject
Project("{FAE04EC0-301F-11D3-BF4B-00C04F79EFBC}") = "MixERP.Net.WebControls.ReportEngine.Data", "Controls\WebControls\MixERP.Net.WebControls.ReportEngine.Data\MixERP.Net.WebControls.ReportEngine.Data.csproj", "{DAAAD018-FCD1-4231-BB11-EF765F41463D}"
EndProject
Project("{FAE04EC0-301F-11D3-BF4B-00C04F79EFBC}") = "MixERP.Net.DBFactory", "MixERP.Net.DbFactory\MixERP.Net.DBFactory.csproj", "{8FD9661C-2473-4581-8722-18B08D4DB252}"
EndProject
Project("{FAE04EC0-301F-11D3-BF4B-00C04F79EFBC}") = "MixERP.Net.WebControls.ScrudFactory.Data", "Controls\WebControls\MixERP.Net.WebControls.ScrudFactory.Data\MixERP.Net.WebControls.ScrudFactory.Data.csproj", "{6CCF0B3B-AA69-42D2-ABFF-0085AA160501}"
EndProject
Project("{2150E333-8FDC-42A3-9474-1A3956D46DE8}") = "Logic", "Logic", "{ADD35728-15DC-4939-98B8-2823E6F22E8A}"
EndProject
Project("{2150E333-8FDC-42A3-9474-1A3956D46DE8}") = "Database Tests", "Database Tests", "{ABD09714-F452-4D9F-A209-06508B04A316}"
EndProject
Project("{FAE04EC0-301F-11D3-BF4B-00C04F79EFBC}") = "MixERP.Net.Tests.PgUnitTest", "Tests\Database Tests\MixERP.Net.Tests.PgUnitTest\MixERP.Net.Tests.PgUnitTest.csproj", "{F1476541-9AAC-4049-ADC5-C522C29B258D}"
EndProject
Global
	GlobalSection(SolutionConfigurationPlatforms) = preSolution
		Debug|Any CPU = Debug|Any CPU
		Mono-Debug|Any CPU = Mono-Debug|Any CPU
		Mono-Release|Any CPU = Mono-Release|Any CPU
		Release|Any CPU = Release|Any CPU
	EndGlobalSection
	GlobalSection(ProjectConfigurationPlatforms) = postSolution
		{81DE04CF-7DE9-42FF-8339-D05E2586DCBA}.Debug|Any CPU.ActiveCfg = Debug|Any CPU
		{81DE04CF-7DE9-42FF-8339-D05E2586DCBA}.Debug|Any CPU.Build.0 = Debug|Any CPU
		{81DE04CF-7DE9-42FF-8339-D05E2586DCBA}.Mono-Debug|Any CPU.ActiveCfg = Debug|Any CPU
		{81DE04CF-7DE9-42FF-8339-D05E2586DCBA}.Mono-Debug|Any CPU.Build.0 = Debug|Any CPU
		{81DE04CF-7DE9-42FF-8339-D05E2586DCBA}.Mono-Release|Any CPU.ActiveCfg = Release|Any CPU
		{81DE04CF-7DE9-42FF-8339-D05E2586DCBA}.Mono-Release|Any CPU.Build.0 = Release|Any CPU
		{81DE04CF-7DE9-42FF-8339-D05E2586DCBA}.Release|Any CPU.ActiveCfg = Release|Any CPU
		{81DE04CF-7DE9-42FF-8339-D05E2586DCBA}.Release|Any CPU.Build.0 = Release|Any CPU
		{D5A09C22-8F48-4FB2-A14D-C62C8C8FCEC0}.Debug|Any CPU.ActiveCfg = Debug|Any CPU
		{D5A09C22-8F48-4FB2-A14D-C62C8C8FCEC0}.Debug|Any CPU.Build.0 = Debug|Any CPU
		{D5A09C22-8F48-4FB2-A14D-C62C8C8FCEC0}.Mono-Debug|Any CPU.ActiveCfg = Debug|Any CPU
		{D5A09C22-8F48-4FB2-A14D-C62C8C8FCEC0}.Mono-Debug|Any CPU.Build.0 = Debug|Any CPU
		{D5A09C22-8F48-4FB2-A14D-C62C8C8FCEC0}.Mono-Release|Any CPU.ActiveCfg = Release|Any CPU
		{D5A09C22-8F48-4FB2-A14D-C62C8C8FCEC0}.Mono-Release|Any CPU.Build.0 = Release|Any CPU
		{D5A09C22-8F48-4FB2-A14D-C62C8C8FCEC0}.Release|Any CPU.ActiveCfg = Release|Any CPU
		{D5A09C22-8F48-4FB2-A14D-C62C8C8FCEC0}.Release|Any CPU.Build.0 = Release|Any CPU
		{F1F6FB95-5D7E-4E4C-9CC4-AC58DBD8F09F}.Debug|Any CPU.ActiveCfg = Debug|Any CPU
		{F1F6FB95-5D7E-4E4C-9CC4-AC58DBD8F09F}.Debug|Any CPU.Build.0 = Debug|Any CPU
		{F1F6FB95-5D7E-4E4C-9CC4-AC58DBD8F09F}.Mono-Debug|Any CPU.ActiveCfg = Debug|Any CPU
		{F1F6FB95-5D7E-4E4C-9CC4-AC58DBD8F09F}.Mono-Debug|Any CPU.Build.0 = Debug|Any CPU
		{F1F6FB95-5D7E-4E4C-9CC4-AC58DBD8F09F}.Mono-Release|Any CPU.ActiveCfg = Release|Any CPU
		{F1F6FB95-5D7E-4E4C-9CC4-AC58DBD8F09F}.Mono-Release|Any CPU.Build.0 = Release|Any CPU
		{F1F6FB95-5D7E-4E4C-9CC4-AC58DBD8F09F}.Release|Any CPU.ActiveCfg = Release|Any CPU
		{F1F6FB95-5D7E-4E4C-9CC4-AC58DBD8F09F}.Release|Any CPU.Build.0 = Release|Any CPU
		{ACE1017D-71BC-4417-A906-72C4B9C55823}.Debug|Any CPU.ActiveCfg = Debug|Any CPU
		{ACE1017D-71BC-4417-A906-72C4B9C55823}.Debug|Any CPU.Build.0 = Debug|Any CPU
		{ACE1017D-71BC-4417-A906-72C4B9C55823}.Mono-Debug|Any CPU.ActiveCfg = Debug|Any CPU
		{ACE1017D-71BC-4417-A906-72C4B9C55823}.Mono-Debug|Any CPU.Build.0 = Debug|Any CPU
		{ACE1017D-71BC-4417-A906-72C4B9C55823}.Mono-Release|Any CPU.ActiveCfg = Release|Any CPU
		{ACE1017D-71BC-4417-A906-72C4B9C55823}.Mono-Release|Any CPU.Build.0 = Release|Any CPU
		{ACE1017D-71BC-4417-A906-72C4B9C55823}.Release|Any CPU.ActiveCfg = Release|Any CPU
		{ACE1017D-71BC-4417-A906-72C4B9C55823}.Release|Any CPU.Build.0 = Release|Any CPU
		{07DDCE95-A18F-4A35-B892-CE09EAD2AA65}.Debug|Any CPU.ActiveCfg = Debug|Any CPU
		{07DDCE95-A18F-4A35-B892-CE09EAD2AA65}.Debug|Any CPU.Build.0 = Debug|Any CPU
		{07DDCE95-A18F-4A35-B892-CE09EAD2AA65}.Mono-Debug|Any CPU.ActiveCfg = Debug|Any CPU
		{07DDCE95-A18F-4A35-B892-CE09EAD2AA65}.Mono-Debug|Any CPU.Build.0 = Debug|Any CPU
		{07DDCE95-A18F-4A35-B892-CE09EAD2AA65}.Mono-Release|Any CPU.ActiveCfg = Release|Any CPU
		{07DDCE95-A18F-4A35-B892-CE09EAD2AA65}.Mono-Release|Any CPU.Build.0 = Release|Any CPU
		{07DDCE95-A18F-4A35-B892-CE09EAD2AA65}.Release|Any CPU.ActiveCfg = Release|Any CPU
		{07DDCE95-A18F-4A35-B892-CE09EAD2AA65}.Release|Any CPU.Build.0 = Release|Any CPU
		{1C84E528-87ED-4B69-BFC3-81D675CB153E}.Debug|Any CPU.ActiveCfg = Debug|Any CPU
		{1C84E528-87ED-4B69-BFC3-81D675CB153E}.Debug|Any CPU.Build.0 = Debug|Any CPU
		{1C84E528-87ED-4B69-BFC3-81D675CB153E}.Mono-Debug|Any CPU.ActiveCfg = Debug|Any CPU
		{1C84E528-87ED-4B69-BFC3-81D675CB153E}.Mono-Debug|Any CPU.Build.0 = Debug|Any CPU
		{1C84E528-87ED-4B69-BFC3-81D675CB153E}.Mono-Release|Any CPU.ActiveCfg = Release|Any CPU
		{1C84E528-87ED-4B69-BFC3-81D675CB153E}.Mono-Release|Any CPU.Build.0 = Release|Any CPU
		{1C84E528-87ED-4B69-BFC3-81D675CB153E}.Release|Any CPU.ActiveCfg = Release|Any CPU
		{1C84E528-87ED-4B69-BFC3-81D675CB153E}.Release|Any CPU.Build.0 = Release|Any CPU
		{81F04B78-6194-4F86-A795-5F186C602EEE}.Debug|Any CPU.ActiveCfg = Debug|Any CPU
		{81F04B78-6194-4F86-A795-5F186C602EEE}.Debug|Any CPU.Build.0 = Debug|Any CPU
		{81F04B78-6194-4F86-A795-5F186C602EEE}.Mono-Debug|Any CPU.ActiveCfg = Debug|Any CPU
		{81F04B78-6194-4F86-A795-5F186C602EEE}.Mono-Debug|Any CPU.Build.0 = Debug|Any CPU
		{81F04B78-6194-4F86-A795-5F186C602EEE}.Mono-Release|Any CPU.ActiveCfg = Release|Any CPU
		{81F04B78-6194-4F86-A795-5F186C602EEE}.Mono-Release|Any CPU.Build.0 = Release|Any CPU
		{81F04B78-6194-4F86-A795-5F186C602EEE}.Release|Any CPU.ActiveCfg = Release|Any CPU
		{81F04B78-6194-4F86-A795-5F186C602EEE}.Release|Any CPU.Build.0 = Release|Any CPU
		{64490B89-B228-4188-8235-71744A94C9AE}.Debug|Any CPU.ActiveCfg = Debug|Any CPU
		{64490B89-B228-4188-8235-71744A94C9AE}.Debug|Any CPU.Build.0 = Debug|Any CPU
		{64490B89-B228-4188-8235-71744A94C9AE}.Mono-Debug|Any CPU.ActiveCfg = Debug|Any CPU
		{64490B89-B228-4188-8235-71744A94C9AE}.Mono-Debug|Any CPU.Build.0 = Debug|Any CPU
		{64490B89-B228-4188-8235-71744A94C9AE}.Mono-Release|Any CPU.ActiveCfg = Release|Any CPU
		{64490B89-B228-4188-8235-71744A94C9AE}.Mono-Release|Any CPU.Build.0 = Release|Any CPU
		{64490B89-B228-4188-8235-71744A94C9AE}.Release|Any CPU.ActiveCfg = Release|Any CPU
		{64490B89-B228-4188-8235-71744A94C9AE}.Release|Any CPU.Build.0 = Release|Any CPU
		{E82752DA-F0D2-4987-B011-6B2623937DEA}.Debug|Any CPU.ActiveCfg = Debug|Any CPU
		{E82752DA-F0D2-4987-B011-6B2623937DEA}.Debug|Any CPU.Build.0 = Debug|Any CPU
		{E82752DA-F0D2-4987-B011-6B2623937DEA}.Mono-Debug|Any CPU.ActiveCfg = Debug|Any CPU
		{E82752DA-F0D2-4987-B011-6B2623937DEA}.Mono-Debug|Any CPU.Build.0 = Debug|Any CPU
		{E82752DA-F0D2-4987-B011-6B2623937DEA}.Mono-Release|Any CPU.ActiveCfg = Release|Any CPU
		{E82752DA-F0D2-4987-B011-6B2623937DEA}.Mono-Release|Any CPU.Build.0 = Release|Any CPU
		{E82752DA-F0D2-4987-B011-6B2623937DEA}.Release|Any CPU.ActiveCfg = Release|Any CPU
		{E82752DA-F0D2-4987-B011-6B2623937DEA}.Release|Any CPU.Build.0 = Release|Any CPU
		{2D961540-6597-4E7B-969C-974D71D820DD}.Debug|Any CPU.ActiveCfg = Debug|Any CPU
		{2D961540-6597-4E7B-969C-974D71D820DD}.Debug|Any CPU.Build.0 = Debug|Any CPU
		{2D961540-6597-4E7B-969C-974D71D820DD}.Mono-Debug|Any CPU.ActiveCfg = Debug|Any CPU
		{2D961540-6597-4E7B-969C-974D71D820DD}.Mono-Debug|Any CPU.Build.0 = Debug|Any CPU
		{2D961540-6597-4E7B-969C-974D71D820DD}.Mono-Release|Any CPU.ActiveCfg = Release|Any CPU
		{2D961540-6597-4E7B-969C-974D71D820DD}.Mono-Release|Any CPU.Build.0 = Release|Any CPU
		{2D961540-6597-4E7B-969C-974D71D820DD}.Release|Any CPU.ActiveCfg = Release|Any CPU
		{2D961540-6597-4E7B-969C-974D71D820DD}.Release|Any CPU.Build.0 = Release|Any CPU
		{DAAAD018-FCD1-4231-BB11-EF765F41463D}.Debug|Any CPU.ActiveCfg = Debug|Any CPU
		{DAAAD018-FCD1-4231-BB11-EF765F41463D}.Debug|Any CPU.Build.0 = Debug|Any CPU
		{DAAAD018-FCD1-4231-BB11-EF765F41463D}.Mono-Debug|Any CPU.ActiveCfg = Debug|Any CPU
		{DAAAD018-FCD1-4231-BB11-EF765F41463D}.Mono-Debug|Any CPU.Build.0 = Debug|Any CPU
		{DAAAD018-FCD1-4231-BB11-EF765F41463D}.Mono-Release|Any CPU.ActiveCfg = Release|Any CPU
		{DAAAD018-FCD1-4231-BB11-EF765F41463D}.Mono-Release|Any CPU.Build.0 = Release|Any CPU
		{DAAAD018-FCD1-4231-BB11-EF765F41463D}.Release|Any CPU.ActiveCfg = Release|Any CPU
		{DAAAD018-FCD1-4231-BB11-EF765F41463D}.Release|Any CPU.Build.0 = Release|Any CPU
		{8FD9661C-2473-4581-8722-18B08D4DB252}.Debug|Any CPU.ActiveCfg = Debug|Any CPU
		{8FD9661C-2473-4581-8722-18B08D4DB252}.Debug|Any CPU.Build.0 = Debug|Any CPU
		{8FD9661C-2473-4581-8722-18B08D4DB252}.Mono-Debug|Any CPU.ActiveCfg = Debug|Any CPU
		{8FD9661C-2473-4581-8722-18B08D4DB252}.Mono-Debug|Any CPU.Build.0 = Debug|Any CPU
		{8FD9661C-2473-4581-8722-18B08D4DB252}.Mono-Release|Any CPU.ActiveCfg = Release|Any CPU
		{8FD9661C-2473-4581-8722-18B08D4DB252}.Mono-Release|Any CPU.Build.0 = Release|Any CPU
		{8FD9661C-2473-4581-8722-18B08D4DB252}.Release|Any CPU.ActiveCfg = Release|Any CPU
		{8FD9661C-2473-4581-8722-18B08D4DB252}.Release|Any CPU.Build.0 = Release|Any CPU
		{6CCF0B3B-AA69-42D2-ABFF-0085AA160501}.Debug|Any CPU.ActiveCfg = Debug|Any CPU
		{6CCF0B3B-AA69-42D2-ABFF-0085AA160501}.Debug|Any CPU.Build.0 = Debug|Any CPU
		{6CCF0B3B-AA69-42D2-ABFF-0085AA160501}.Mono-Debug|Any CPU.ActiveCfg = Debug|Any CPU
		{6CCF0B3B-AA69-42D2-ABFF-0085AA160501}.Mono-Debug|Any CPU.Build.0 = Debug|Any CPU
		{6CCF0B3B-AA69-42D2-ABFF-0085AA160501}.Mono-Release|Any CPU.ActiveCfg = Release|Any CPU
		{6CCF0B3B-AA69-42D2-ABFF-0085AA160501}.Mono-Release|Any CPU.Build.0 = Release|Any CPU
		{6CCF0B3B-AA69-42D2-ABFF-0085AA160501}.Release|Any CPU.ActiveCfg = Release|Any CPU
		{6CCF0B3B-AA69-42D2-ABFF-0085AA160501}.Release|Any CPU.Build.0 = Release|Any CPU
		{F1476541-9AAC-4049-ADC5-C522C29B258D}.Debug|Any CPU.ActiveCfg = Debug|Any CPU
		{F1476541-9AAC-4049-ADC5-C522C29B258D}.Debug|Any CPU.Build.0 = Debug|Any CPU
		{F1476541-9AAC-4049-ADC5-C522C29B258D}.Mono-Debug|Any CPU.ActiveCfg = Debug|Any CPU
		{F1476541-9AAC-4049-ADC5-C522C29B258D}.Mono-Debug|Any CPU.Build.0 = Debug|Any CPU
		{F1476541-9AAC-4049-ADC5-C522C29B258D}.Mono-Release|Any CPU.ActiveCfg = Release|Any CPU
		{F1476541-9AAC-4049-ADC5-C522C29B258D}.Mono-Release|Any CPU.Build.0 = Release|Any CPU
		{F1476541-9AAC-4049-ADC5-C522C29B258D}.Release|Any CPU.ActiveCfg = Release|Any CPU
		{F1476541-9AAC-4049-ADC5-C522C29B258D}.Release|Any CPU.Build.0 = Release|Any CPU
	EndGlobalSection
	GlobalSection(SolutionProperties) = preSolution
		HideSolutionNode = FALSE
	EndGlobalSection
	GlobalSection(NestedProjects) = preSolution
		{ADD35728-15DC-4939-98B8-2823E6F22E8A} = {C832E6A8-B906-4DFC-8458-72C965C0C957}
		{ACE1017D-71BC-4417-A906-72C4B9C55823} = {C832E6A8-B906-4DFC-8458-72C965C0C957}
		{E9497128-CDED-4B71-AC69-374489D81E7D} = {C832E6A8-B906-4DFC-8458-72C965C0C957}
		{F1F6FB95-5D7E-4E4C-9CC4-AC58DBD8F09F} = {ADD35728-15DC-4939-98B8-2823E6F22E8A}
		{81DE04CF-7DE9-42FF-8339-D05E2586DCBA} = {ADD35728-15DC-4939-98B8-2823E6F22E8A}
		{8FD9661C-2473-4581-8722-18B08D4DB252} = {ADD35728-15DC-4939-98B8-2823E6F22E8A}
		{D5A09C22-8F48-4FB2-A14D-C62C8C8FCEC0} = {ADD35728-15DC-4939-98B8-2823E6F22E8A}
		{B6583396-81BE-4A68-91C9-6966E58563F5} = {B331910C-E400-4F2D-AAD1-14D73811E81C}
		{62698506-0C89-463C-82E7-33521D1B055C} = {B331910C-E400-4F2D-AAD1-14D73811E81C}
		{ABD09714-F452-4D9F-A209-06508B04A316} = {B331910C-E400-4F2D-AAD1-14D73811E81C}
		{F12F3FD9-1C35-4C76-9733-8618DA796761} = {62698506-0C89-463C-82E7-33521D1B055C}
		{8BE8E894-6613-4FB0-A196-E737C777E51A} = {E9497128-CDED-4B71-AC69-374489D81E7D}
		{F882C837-D33A-43DE-8CEA-87D0CE635E9D} = {E9497128-CDED-4B71-AC69-374489D81E7D}
		{1C84E528-87ED-4B69-BFC3-81D675CB153E} = {8BE8E894-6613-4FB0-A196-E737C777E51A}
		{81F04B78-6194-4F86-A795-5F186C602EEE} = {8BE8E894-6613-4FB0-A196-E737C777E51A}
		{64490B89-B228-4188-8235-71744A94C9AE} = {8BE8E894-6613-4FB0-A196-E737C777E51A}
		{E82752DA-F0D2-4987-B011-6B2623937DEA} = {8BE8E894-6613-4FB0-A196-E737C777E51A}
		{07DDCE95-A18F-4A35-B892-CE09EAD2AA65} = {8BE8E894-6613-4FB0-A196-E737C777E51A}
		{2D961540-6597-4E7B-969C-974D71D820DD} = {8BE8E894-6613-4FB0-A196-E737C777E51A}
		{DAAAD018-FCD1-4231-BB11-EF765F41463D} = {F882C837-D33A-43DE-8CEA-87D0CE635E9D}
		{6CCF0B3B-AA69-42D2-ABFF-0085AA160501} = {F882C837-D33A-43DE-8CEA-87D0CE635E9D}
		{F1476541-9AAC-4049-ADC5-C522C29B258D} = {ABD09714-F452-4D9F-A209-06508B04A316}
	EndGlobalSection
EndGlobal
