
Microsoft Visual Studio Solution File, Format Version 12.00
# Visual Studio 2013
VisualStudioVersion = 12.0.31101.0
MinimumVisualStudioVersion = 10.0.40219.1
Project("{FAE04EC0-301F-11D3-BF4B-00C04F79EFBC}") = "MixERP.Net.Web.UI", "Web\MixERP.Net.Web.UI\MixERP.Net.Web.UI.csproj", "{4235FD88-8FB5-499F-AD44-672B5C27FCFC}"
EndProject
Project("{FAE04EC0-301F-11D3-BF4B-00C04F79EFBC}") = "MixERP.Net.Web.UI.CRM", "Web\MixERP.Net.Web.UI\Areas\CRM\MixERP.Net.Web.UI.CRM.csproj", "{49448FDC-C69D-4E89-ACEA-7B3EB54A5A10}"
EndProject
Project("{FAE04EC0-301F-11D3-BF4B-00C04F79EFBC}") = "MixERP.Net.Web.UI.Data", "Web\MixERP.Net.Web.UI.Data\MixERP.Net.Web.UI.Data.csproj", "{AE919E4B-35AF-4496-B267-F15260176B83}"
EndProject
Project("{2150E333-8FDC-42A3-9474-1A3956D46DE8}") = "Framework", "Framework", "{BDBB3C36-EBCF-4DB2-BA0F-D2653B04B979}"
EndProject
Project("{FAE04EC0-301F-11D3-BF4B-00C04F79EFBC}") = "MixERP.Net.DBFactory", "Framework\Libraries\MixERP.Net.DbFactory\MixERP.Net.DBFactory.csproj", "{8FD9661C-2473-4581-8722-18B08D4DB252}"
EndProject
Project("{FAE04EC0-301F-11D3-BF4B-00C04F79EFBC}") = "MixERP.Net.Common", "Framework\Libraries\MixERP.Net.Common\MixERP.Net.Common.csproj", "{D5A09C22-8F48-4FB2-A14D-C62C8C8FCEC0}"
EndProject
Project("{FAE04EC0-301F-11D3-BF4B-00C04F79EFBC}") = "MixERP.Net.Entities", "Framework\Domains\MixERP.Net.Entities\MixERP.Net.Entities.csproj", "{BDE918B1-DD9B-41C9-A41F-F3DDEC18B6D8}"
EndProject
Project("{2150E333-8FDC-42A3-9474-1A3956D46DE8}") = "HTML Factories", "HTML Factories", "{7B175FCC-4344-431D-B62A-93C10EC06E98}"
EndProject
Project("{FAE04EC0-301F-11D3-BF4B-00C04F79EFBC}") = "MixERP.Net.UI.ScrudFactory", "Framework\HTML Factories\ScrudFactory\MixERP.Net.UI.ScrudFactory\MixERP.Net.UI.ScrudFactory.csproj", "{8B9DA7AC-D62C-4569-9737-8F2B203B4862}"
EndProject
Project("{FAE04EC0-301F-11D3-BF4B-00C04F79EFBC}") = "MixERP.Net.UI.ScrudFactory.Data", "Framework\HTML Factories\ScrudFactory\MixERP.Net.UI.ScrudFactory.Data\MixERP.Net.UI.ScrudFactory.Data.csproj", "{529E6413-0430-4874-8B64-E7A8C156C791}"
EndProject
Project("{FAE04EC0-301F-11D3-BF4B-00C04F79EFBC}") = "MixERP.Net.Framework", "Core Library\MixERP.Net.Framework\MixERP.Net.Framework.csproj", "{D63ED544-0AA3-4585-983A-81FD3862CB00}"
EndProject
Project("{2150E333-8FDC-42A3-9474-1A3956D46DE8}") = "Core Module (UI)", "Core Module (UI)", "{34CFD1A3-0A9F-4D31-AA18-1656D6C79A48}"
EndProject
Project("{FAE04EC0-301F-11D3-BF4B-00C04F79EFBC}") = "MixERP.Net.Web.UI.Inventory", "Web\MixERP.Net.Web.UI\Areas\Inventory\MixERP.Net.Web.UI.Inventory.csproj", "{FE320E67-9E84-4610-B29A-02C1F2703125}"
EndProject
Project("{FAE04EC0-301F-11D3-BF4B-00C04F79EFBC}") = "MixERP.Net.Web.UI.Sales", "Web\MixERP.Net.Web.UI\Areas\Sales\MixERP.Net.Web.UI.Sales.csproj", "{238B9B0C-43B5-48B7-AC4D-44D91525D9FC}"
EndProject
Project("{FAE04EC0-301F-11D3-BF4B-00C04F79EFBC}") = "MixERP.Net.Web.UI.Purchase", "Web\MixERP.Net.Web.UI\Areas\Purchase\MixERP.Net.Web.UI.Purchase.csproj", "{5036AA99-BEEA-41EF-9B4E-0BC4E0122B1E}"
EndProject
Project("{FAE04EC0-301F-11D3-BF4B-00C04F79EFBC}") = "MixERP.Net.Web.UI.Finance", "Web\MixERP.Net.Web.UI\Areas\Finance\MixERP.Net.Web.UI.Finance.csproj", "{F948E9D2-7AFD-4BB4-AA16-4F3B09C7FF23}"
EndProject
Project("{FAE04EC0-301F-11D3-BF4B-00C04F79EFBC}") = "MixERP.Net.Web.UI.BackOffice", "Web\MixERP.Net.Web.UI\Areas\BackOffice\MixERP.Net.Web.UI.BackOffice.csproj", "{2D23130F-81D7-4A31-9763-23C212A3B601}"
EndProject
Project("{FAE04EC0-301F-11D3-BF4B-00C04F79EFBC}") = "MixERP.Net.Web.UI.Production", "Web\MixERP.Net.Web.UI\Areas\Production\MixERP.Net.Web.UI.Production.csproj", "{FFB3C335-8721-430D-887C-7DCF88159A49}"
EndProject
Project("{2150E333-8FDC-42A3-9474-1A3956D46DE8}") = "Data", "Data", "{0B9E8889-15E6-4332-BFBA-16C8A41D3A3A}"
EndProject
Project("{FAE04EC0-301F-11D3-BF4B-00C04F79EFBC}") = "MixERP.Net.Web.UI.BackOffice.Data", "Web\MixERP.Net.Web.UI\Areas\BackOffice.Data\MixERP.Net.Web.UI.BackOffice.Data.csproj", "{0F58AE48-3C59-4845-939C-01961C39688D}"
EndProject
Project("{FAE04EC0-301F-11D3-BF4B-00C04F79EFBC}") = "MixERP.Net.Web.UI.CRM.Data", "Web\MixERP.Net.Web.UI\Areas\CRM.Data\MixERP.Net.Web.UI.CRM.Data.csproj", "{37DDDBF1-3355-4718-B09B-C1674CD5DCC1}"
EndProject
Project("{FAE04EC0-301F-11D3-BF4B-00C04F79EFBC}") = "MixERP.Net.Web.UI.Finance.Data", "Web\MixERP.Net.Web.UI\Areas\Finance.Data\MixERP.Net.Web.UI.Finance.Data.csproj", "{97333C3C-52E4-41FB-A60B-F1486F892C1B}"
EndProject
Project("{FAE04EC0-301F-11D3-BF4B-00C04F79EFBC}") = "MixERP.Net.Web.UI.Inventory.Data", "Web\MixERP.Net.Web.UI\Areas\Inventory.Data\MixERP.Net.Web.UI.Inventory.Data.csproj", "{6E1793D4-1A0D-49B1-825A-AC52403A112B}"
EndProject
Project("{FAE04EC0-301F-11D3-BF4B-00C04F79EFBC}") = "MixERP.Net.Web.UI.Production.Data", "Web\MixERP.Net.Web.UI\Areas\Production.Data\MixERP.Net.Web.UI.Production.Data.csproj", "{031BEFF9-5535-470F-BEBB-DBFC9A7108B9}"
EndProject
Project("{FAE04EC0-301F-11D3-BF4B-00C04F79EFBC}") = "MixERP.Net.Web.UI.Purchase.Data", "Web\MixERP.Net.Web.UI\Areas\Purchase.Data\MixERP.Net.Web.UI.Purchase.Data.csproj", "{7115A134-FE73-4640-86D8-4E3C3E8D6EDC}"
EndProject
Project("{FAE04EC0-301F-11D3-BF4B-00C04F79EFBC}") = "MixERP.Net.Web.UI.Sales.Data", "Web\MixERP.Net.Web.UI\Areas\Sales.Data\MixERP.Net.Web.UI.Sales.Data.csproj", "{1C3725DF-A84B-4CDC-B657-95FBF868A366}"
EndProject
Project("{2150E333-8FDC-42A3-9474-1A3956D46DE8}") = "Areas", "Areas", "{EF7E756E-FA1A-4997-A9AC-FB8AF0B28499}"
EndProject
Project("{2150E333-8FDC-42A3-9474-1A3956D46DE8}") = "ScrudFactory", "ScrudFactory", "{781E509D-8EA5-47F7-AAB5-1851F29ABCF5}"
EndProject
Project("{2150E333-8FDC-42A3-9474-1A3956D46DE8}") = "StockTransactionFactory", "StockTransactionFactory", "{7BA7ACEC-C3CD-49ED-A7E6-903EF0B445E4}"
EndProject
Project("{2150E333-8FDC-42A3-9474-1A3956D46DE8}") = "StockTransactionViewFactory", "StockTransactionViewFactory", "{078CD1B4-2CB9-409E-AD6A-10A528B7B06A}"
EndProject
Project("{2150E333-8FDC-42A3-9474-1A3956D46DE8}") = "TransactionChecklist", "TransactionChecklist", "{41360AF4-FC00-4B62-99E9-5B52B8CD3BB3}"
EndProject
Project("{2150E333-8FDC-42A3-9474-1A3956D46DE8}") = "TransactionViewFactory", "TransactionViewFactory", "{E0D11A9A-A49C-433B-AC44-090703537068}"
EndProject
Project("{2150E333-8FDC-42A3-9474-1A3956D46DE8}") = "Web", "Web", "{DCBE884B-1A1B-4686-8EC8-0CDD117AAFB7}"
EndProject
Project("{2150E333-8FDC-42A3-9474-1A3956D46DE8}") = "Libraries", "Libraries", "{EC52FCF9-D8EE-4390-BF7E-A5775F5CA25A}"
EndProject
Project("{2150E333-8FDC-42A3-9474-1A3956D46DE8}") = "Domains", "Domains", "{A4FB21BB-71E8-422C-8173-19396A28219A}"
EndProject
Project("{2150E333-8FDC-42A3-9474-1A3956D46DE8}") = "Flag", "Flag", "{02346F36-937C-4D19-A087-BAE318C835F0}"
EndProject
Project("{2150E333-8FDC-42A3-9474-1A3956D46DE8}") = "ReportEngine", "ReportEngine", "{43744939-CBD6-4B55-ACEE-0C76B71A3466}"
EndProject
Project("{2150E333-8FDC-42A3-9474-1A3956D46DE8}") = "AttachmentFactory", "AttachmentFactory", "{121DB04B-9F0A-41DC-BAC3-9C1C1EDA3B2F}"
EndProject
Project("{2150E333-8FDC-42A3-9474-1A3956D46DE8}") = "PartyView", "PartyView", "{D05D782E-E7B0-48BE-B670-FCFAB463D386}"
EndProject
Project("{FAE04EC0-301F-11D3-BF4B-00C04F79EFBC}") = "MixERP.Net.Core.Api", "Framework\MixERP.Net.Core.Api\MixERP.Net.Core.Api.csproj", "{D7037326-F14D-4359-BB87-3637BB9D93EE}"
EndProject
Project("{2150E333-8FDC-42A3-9474-1A3956D46DE8}") = "Core Library", "Core Library", "{3990F5F2-5011-45F5-8F55-75AF7666A1F7}"
EndProject
Global
	GlobalSection(SolutionConfigurationPlatforms) = preSolution
		Debug|Any CPU = Debug|Any CPU
		Release|Any CPU = Release|Any CPU
	EndGlobalSection
	GlobalSection(ProjectConfigurationPlatforms) = postSolution
		{4235FD88-8FB5-499F-AD44-672B5C27FCFC}.Debug|Any CPU.ActiveCfg = Debug|Any CPU
		{4235FD88-8FB5-499F-AD44-672B5C27FCFC}.Debug|Any CPU.Build.0 = Debug|Any CPU
		{4235FD88-8FB5-499F-AD44-672B5C27FCFC}.Release|Any CPU.ActiveCfg = Release|Any CPU
		{4235FD88-8FB5-499F-AD44-672B5C27FCFC}.Release|Any CPU.Build.0 = Release|Any CPU
		{49448FDC-C69D-4E89-ACEA-7B3EB54A5A10}.Debug|Any CPU.ActiveCfg = Debug|Any CPU
		{49448FDC-C69D-4E89-ACEA-7B3EB54A5A10}.Debug|Any CPU.Build.0 = Debug|Any CPU
		{49448FDC-C69D-4E89-ACEA-7B3EB54A5A10}.Release|Any CPU.ActiveCfg = Release|Any CPU
		{49448FDC-C69D-4E89-ACEA-7B3EB54A5A10}.Release|Any CPU.Build.0 = Release|Any CPU
		{AE919E4B-35AF-4496-B267-F15260176B83}.Debug|Any CPU.ActiveCfg = Debug|Any CPU
		{AE919E4B-35AF-4496-B267-F15260176B83}.Debug|Any CPU.Build.0 = Debug|Any CPU
		{AE919E4B-35AF-4496-B267-F15260176B83}.Release|Any CPU.ActiveCfg = Release|Any CPU
		{AE919E4B-35AF-4496-B267-F15260176B83}.Release|Any CPU.Build.0 = Release|Any CPU
		{8FD9661C-2473-4581-8722-18B08D4DB252}.Debug|Any CPU.ActiveCfg = Debug|Any CPU
		{8FD9661C-2473-4581-8722-18B08D4DB252}.Debug|Any CPU.Build.0 = Debug|Any CPU
		{8FD9661C-2473-4581-8722-18B08D4DB252}.Release|Any CPU.ActiveCfg = Release|Any CPU
		{8FD9661C-2473-4581-8722-18B08D4DB252}.Release|Any CPU.Build.0 = Release|Any CPU
		{D5A09C22-8F48-4FB2-A14D-C62C8C8FCEC0}.Debug|Any CPU.ActiveCfg = Debug|Any CPU
		{D5A09C22-8F48-4FB2-A14D-C62C8C8FCEC0}.Debug|Any CPU.Build.0 = Debug|Any CPU
		{D5A09C22-8F48-4FB2-A14D-C62C8C8FCEC0}.Release|Any CPU.ActiveCfg = Release|Any CPU
		{D5A09C22-8F48-4FB2-A14D-C62C8C8FCEC0}.Release|Any CPU.Build.0 = Release|Any CPU
		{BDE918B1-DD9B-41C9-A41F-F3DDEC18B6D8}.Debug|Any CPU.ActiveCfg = Debug|Any CPU
		{BDE918B1-DD9B-41C9-A41F-F3DDEC18B6D8}.Debug|Any CPU.Build.0 = Debug|Any CPU
		{BDE918B1-DD9B-41C9-A41F-F3DDEC18B6D8}.Release|Any CPU.ActiveCfg = Release|Any CPU
		{BDE918B1-DD9B-41C9-A41F-F3DDEC18B6D8}.Release|Any CPU.Build.0 = Release|Any CPU
		{8B9DA7AC-D62C-4569-9737-8F2B203B4862}.Debug|Any CPU.ActiveCfg = Debug|Any CPU
		{8B9DA7AC-D62C-4569-9737-8F2B203B4862}.Debug|Any CPU.Build.0 = Debug|Any CPU
		{8B9DA7AC-D62C-4569-9737-8F2B203B4862}.Release|Any CPU.ActiveCfg = Release|Any CPU
		{8B9DA7AC-D62C-4569-9737-8F2B203B4862}.Release|Any CPU.Build.0 = Release|Any CPU
		{529E6413-0430-4874-8B64-E7A8C156C791}.Debug|Any CPU.ActiveCfg = Debug|Any CPU
		{529E6413-0430-4874-8B64-E7A8C156C791}.Debug|Any CPU.Build.0 = Debug|Any CPU
		{529E6413-0430-4874-8B64-E7A8C156C791}.Release|Any CPU.ActiveCfg = Release|Any CPU
		{529E6413-0430-4874-8B64-E7A8C156C791}.Release|Any CPU.Build.0 = Release|Any CPU
		{D63ED544-0AA3-4585-983A-81FD3862CB00}.Debug|Any CPU.ActiveCfg = Debug|Any CPU
		{D63ED544-0AA3-4585-983A-81FD3862CB00}.Debug|Any CPU.Build.0 = Debug|Any CPU
		{D63ED544-0AA3-4585-983A-81FD3862CB00}.Release|Any CPU.ActiveCfg = Release|Any CPU
		{D63ED544-0AA3-4585-983A-81FD3862CB00}.Release|Any CPU.Build.0 = Release|Any CPU
		{FE320E67-9E84-4610-B29A-02C1F2703125}.Debug|Any CPU.ActiveCfg = Debug|Any CPU
		{FE320E67-9E84-4610-B29A-02C1F2703125}.Debug|Any CPU.Build.0 = Debug|Any CPU
		{FE320E67-9E84-4610-B29A-02C1F2703125}.Release|Any CPU.ActiveCfg = Release|Any CPU
		{FE320E67-9E84-4610-B29A-02C1F2703125}.Release|Any CPU.Build.0 = Release|Any CPU
		{238B9B0C-43B5-48B7-AC4D-44D91525D9FC}.Debug|Any CPU.ActiveCfg = Debug|Any CPU
		{238B9B0C-43B5-48B7-AC4D-44D91525D9FC}.Debug|Any CPU.Build.0 = Debug|Any CPU
		{238B9B0C-43B5-48B7-AC4D-44D91525D9FC}.Release|Any CPU.ActiveCfg = Release|Any CPU
		{238B9B0C-43B5-48B7-AC4D-44D91525D9FC}.Release|Any CPU.Build.0 = Release|Any CPU
		{5036AA99-BEEA-41EF-9B4E-0BC4E0122B1E}.Debug|Any CPU.ActiveCfg = Debug|Any CPU
		{5036AA99-BEEA-41EF-9B4E-0BC4E0122B1E}.Debug|Any CPU.Build.0 = Debug|Any CPU
		{5036AA99-BEEA-41EF-9B4E-0BC4E0122B1E}.Release|Any CPU.ActiveCfg = Release|Any CPU
		{5036AA99-BEEA-41EF-9B4E-0BC4E0122B1E}.Release|Any CPU.Build.0 = Release|Any CPU
		{F948E9D2-7AFD-4BB4-AA16-4F3B09C7FF23}.Debug|Any CPU.ActiveCfg = Debug|Any CPU
		{F948E9D2-7AFD-4BB4-AA16-4F3B09C7FF23}.Debug|Any CPU.Build.0 = Debug|Any CPU
		{F948E9D2-7AFD-4BB4-AA16-4F3B09C7FF23}.Release|Any CPU.ActiveCfg = Release|Any CPU
		{F948E9D2-7AFD-4BB4-AA16-4F3B09C7FF23}.Release|Any CPU.Build.0 = Release|Any CPU
		{2D23130F-81D7-4A31-9763-23C212A3B601}.Debug|Any CPU.ActiveCfg = Debug|Any CPU
		{2D23130F-81D7-4A31-9763-23C212A3B601}.Debug|Any CPU.Build.0 = Debug|Any CPU
		{2D23130F-81D7-4A31-9763-23C212A3B601}.Release|Any CPU.ActiveCfg = Release|Any CPU
		{2D23130F-81D7-4A31-9763-23C212A3B601}.Release|Any CPU.Build.0 = Release|Any CPU
		{FFB3C335-8721-430D-887C-7DCF88159A49}.Debug|Any CPU.ActiveCfg = Debug|Any CPU
		{FFB3C335-8721-430D-887C-7DCF88159A49}.Debug|Any CPU.Build.0 = Debug|Any CPU
		{FFB3C335-8721-430D-887C-7DCF88159A49}.Release|Any CPU.ActiveCfg = Release|Any CPU
		{FFB3C335-8721-430D-887C-7DCF88159A49}.Release|Any CPU.Build.0 = Release|Any CPU
		{0F58AE48-3C59-4845-939C-01961C39688D}.Debug|Any CPU.ActiveCfg = Debug|Any CPU
		{0F58AE48-3C59-4845-939C-01961C39688D}.Debug|Any CPU.Build.0 = Debug|Any CPU
		{0F58AE48-3C59-4845-939C-01961C39688D}.Release|Any CPU.ActiveCfg = Release|Any CPU
		{0F58AE48-3C59-4845-939C-01961C39688D}.Release|Any CPU.Build.0 = Release|Any CPU
		{37DDDBF1-3355-4718-B09B-C1674CD5DCC1}.Debug|Any CPU.ActiveCfg = Debug|Any CPU
		{37DDDBF1-3355-4718-B09B-C1674CD5DCC1}.Debug|Any CPU.Build.0 = Debug|Any CPU
		{37DDDBF1-3355-4718-B09B-C1674CD5DCC1}.Release|Any CPU.ActiveCfg = Release|Any CPU
		{37DDDBF1-3355-4718-B09B-C1674CD5DCC1}.Release|Any CPU.Build.0 = Release|Any CPU
		{97333C3C-52E4-41FB-A60B-F1486F892C1B}.Debug|Any CPU.ActiveCfg = Debug|Any CPU
		{97333C3C-52E4-41FB-A60B-F1486F892C1B}.Debug|Any CPU.Build.0 = Debug|Any CPU
		{97333C3C-52E4-41FB-A60B-F1486F892C1B}.Release|Any CPU.ActiveCfg = Release|Any CPU
		{97333C3C-52E4-41FB-A60B-F1486F892C1B}.Release|Any CPU.Build.0 = Release|Any CPU
		{6E1793D4-1A0D-49B1-825A-AC52403A112B}.Debug|Any CPU.ActiveCfg = Debug|Any CPU
		{6E1793D4-1A0D-49B1-825A-AC52403A112B}.Debug|Any CPU.Build.0 = Debug|Any CPU
		{6E1793D4-1A0D-49B1-825A-AC52403A112B}.Release|Any CPU.ActiveCfg = Release|Any CPU
		{6E1793D4-1A0D-49B1-825A-AC52403A112B}.Release|Any CPU.Build.0 = Release|Any CPU
		{031BEFF9-5535-470F-BEBB-DBFC9A7108B9}.Debug|Any CPU.ActiveCfg = Debug|Any CPU
		{031BEFF9-5535-470F-BEBB-DBFC9A7108B9}.Debug|Any CPU.Build.0 = Debug|Any CPU
		{031BEFF9-5535-470F-BEBB-DBFC9A7108B9}.Release|Any CPU.ActiveCfg = Release|Any CPU
		{031BEFF9-5535-470F-BEBB-DBFC9A7108B9}.Release|Any CPU.Build.0 = Release|Any CPU
		{7115A134-FE73-4640-86D8-4E3C3E8D6EDC}.Debug|Any CPU.ActiveCfg = Debug|Any CPU
		{7115A134-FE73-4640-86D8-4E3C3E8D6EDC}.Debug|Any CPU.Build.0 = Debug|Any CPU
		{7115A134-FE73-4640-86D8-4E3C3E8D6EDC}.Release|Any CPU.ActiveCfg = Release|Any CPU
		{7115A134-FE73-4640-86D8-4E3C3E8D6EDC}.Release|Any CPU.Build.0 = Release|Any CPU
		{1C3725DF-A84B-4CDC-B657-95FBF868A366}.Debug|Any CPU.ActiveCfg = Debug|Any CPU
		{1C3725DF-A84B-4CDC-B657-95FBF868A366}.Debug|Any CPU.Build.0 = Debug|Any CPU
		{1C3725DF-A84B-4CDC-B657-95FBF868A366}.Release|Any CPU.ActiveCfg = Release|Any CPU
		{1C3725DF-A84B-4CDC-B657-95FBF868A366}.Release|Any CPU.Build.0 = Release|Any CPU
		{D7037326-F14D-4359-BB87-3637BB9D93EE}.Debug|Any CPU.ActiveCfg = Debug|Any CPU
		{D7037326-F14D-4359-BB87-3637BB9D93EE}.Debug|Any CPU.Build.0 = Debug|Any CPU
		{D7037326-F14D-4359-BB87-3637BB9D93EE}.Release|Any CPU.ActiveCfg = Release|Any CPU
		{D7037326-F14D-4359-BB87-3637BB9D93EE}.Release|Any CPU.Build.0 = Release|Any CPU
	EndGlobalSection
	GlobalSection(SolutionProperties) = preSolution
		HideSolutionNode = FALSE
	EndGlobalSection
	GlobalSection(NestedProjects) = preSolution
		{4235FD88-8FB5-499F-AD44-672B5C27FCFC} = {DCBE884B-1A1B-4686-8EC8-0CDD117AAFB7}
		{49448FDC-C69D-4E89-ACEA-7B3EB54A5A10} = {EF7E756E-FA1A-4997-A9AC-FB8AF0B28499}
		{AE919E4B-35AF-4496-B267-F15260176B83} = {DCBE884B-1A1B-4686-8EC8-0CDD117AAFB7}
		{8FD9661C-2473-4581-8722-18B08D4DB252} = {EC52FCF9-D8EE-4390-BF7E-A5775F5CA25A}
		{D5A09C22-8F48-4FB2-A14D-C62C8C8FCEC0} = {EC52FCF9-D8EE-4390-BF7E-A5775F5CA25A}
		{BDE918B1-DD9B-41C9-A41F-F3DDEC18B6D8} = {A4FB21BB-71E8-422C-8173-19396A28219A}
		{7B175FCC-4344-431D-B62A-93C10EC06E98} = {BDBB3C36-EBCF-4DB2-BA0F-D2653B04B979}
		{8B9DA7AC-D62C-4569-9737-8F2B203B4862} = {781E509D-8EA5-47F7-AAB5-1851F29ABCF5}
		{529E6413-0430-4874-8B64-E7A8C156C791} = {781E509D-8EA5-47F7-AAB5-1851F29ABCF5}
		{D63ED544-0AA3-4585-983A-81FD3862CB00} = {3990F5F2-5011-45F5-8F55-75AF7666A1F7}
		{FE320E67-9E84-4610-B29A-02C1F2703125} = {EF7E756E-FA1A-4997-A9AC-FB8AF0B28499}
		{238B9B0C-43B5-48B7-AC4D-44D91525D9FC} = {EF7E756E-FA1A-4997-A9AC-FB8AF0B28499}
		{5036AA99-BEEA-41EF-9B4E-0BC4E0122B1E} = {EF7E756E-FA1A-4997-A9AC-FB8AF0B28499}
		{F948E9D2-7AFD-4BB4-AA16-4F3B09C7FF23} = {EF7E756E-FA1A-4997-A9AC-FB8AF0B28499}
		{2D23130F-81D7-4A31-9763-23C212A3B601} = {EF7E756E-FA1A-4997-A9AC-FB8AF0B28499}
		{FFB3C335-8721-430D-887C-7DCF88159A49} = {EF7E756E-FA1A-4997-A9AC-FB8AF0B28499}
		{0B9E8889-15E6-4332-BFBA-16C8A41D3A3A} = {34CFD1A3-0A9F-4D31-AA18-1656D6C79A48}
		{0F58AE48-3C59-4845-939C-01961C39688D} = {0B9E8889-15E6-4332-BFBA-16C8A41D3A3A}
		{37DDDBF1-3355-4718-B09B-C1674CD5DCC1} = {0B9E8889-15E6-4332-BFBA-16C8A41D3A3A}
		{97333C3C-52E4-41FB-A60B-F1486F892C1B} = {0B9E8889-15E6-4332-BFBA-16C8A41D3A3A}
		{6E1793D4-1A0D-49B1-825A-AC52403A112B} = {0B9E8889-15E6-4332-BFBA-16C8A41D3A3A}
		{031BEFF9-5535-470F-BEBB-DBFC9A7108B9} = {0B9E8889-15E6-4332-BFBA-16C8A41D3A3A}
		{7115A134-FE73-4640-86D8-4E3C3E8D6EDC} = {0B9E8889-15E6-4332-BFBA-16C8A41D3A3A}
		{1C3725DF-A84B-4CDC-B657-95FBF868A366} = {0B9E8889-15E6-4332-BFBA-16C8A41D3A3A}
		{EF7E756E-FA1A-4997-A9AC-FB8AF0B28499} = {34CFD1A3-0A9F-4D31-AA18-1656D6C79A48}
		{781E509D-8EA5-47F7-AAB5-1851F29ABCF5} = {7B175FCC-4344-431D-B62A-93C10EC06E98}
		{7BA7ACEC-C3CD-49ED-A7E6-903EF0B445E4} = {7B175FCC-4344-431D-B62A-93C10EC06E98}
		{078CD1B4-2CB9-409E-AD6A-10A528B7B06A} = {7B175FCC-4344-431D-B62A-93C10EC06E98}
		{41360AF4-FC00-4B62-99E9-5B52B8CD3BB3} = {7B175FCC-4344-431D-B62A-93C10EC06E98}
		{E0D11A9A-A49C-433B-AC44-090703537068} = {7B175FCC-4344-431D-B62A-93C10EC06E98}
		{EC52FCF9-D8EE-4390-BF7E-A5775F5CA25A} = {BDBB3C36-EBCF-4DB2-BA0F-D2653B04B979}
		{A4FB21BB-71E8-422C-8173-19396A28219A} = {BDBB3C36-EBCF-4DB2-BA0F-D2653B04B979}
		{02346F36-937C-4D19-A087-BAE318C835F0} = {7B175FCC-4344-431D-B62A-93C10EC06E98}
		{43744939-CBD6-4B55-ACEE-0C76B71A3466} = {7B175FCC-4344-431D-B62A-93C10EC06E98}
		{121DB04B-9F0A-41DC-BAC3-9C1C1EDA3B2F} = {7B175FCC-4344-431D-B62A-93C10EC06E98}
		{D05D782E-E7B0-48BE-B670-FCFAB463D386} = {7B175FCC-4344-431D-B62A-93C10EC06E98}
		{D7037326-F14D-4359-BB87-3637BB9D93EE} = {BDBB3C36-EBCF-4DB2-BA0F-D2653B04B979}
	EndGlobalSection
EndGlobal
